
Microsoft Visual Studio Solution File, Format Version 12.00
# Visual Studio Version 16
VisualStudioVersion = 16.0.30804.86
MinimumVisualStudioVersion = 10.0.40219.1
Project("{FAE04EC0-301F-11D3-BF4B-00C04F79EFBC}") = "Task 1.2", "Task 1.2\Task 1.2.csproj", "{73605931-18A8-49F7-A675-7745587237FB}"
EndProject
Global
	GlobalSection(SolutionConfigurationPlatforms) = preSolution
		Debug|Any CPU = Debug|Any CPU
		Release|Any CPU = Release|Any CPU
	EndGlobalSection
	GlobalSection(ProjectConfigurationPlatforms) = postSolution
		{73605931-18A8-49F7-A675-7745587237FB}.Debug|Any CPU.ActiveCfg = Debug|Any CPU
		{73605931-18A8-49F7-A675-7745587237FB}.Debug|Any CPU.Build.0 = Debug|Any CPU
		{73605931-18A8-49F7-A675-7745587237FB}.Release|Any CPU.ActiveCfg = Release|Any CPU
		{73605931-18A8-49F7-A675-7745587237FB}.Release|Any CPU.Build.0 = Release|Any CPU
	EndGlobalSection
	GlobalSection(SolutionProperties) = preSolution
		HideSolutionNode = FALSE
	EndGlobalSection
	GlobalSection(ExtensibilityGlobals) = postSolution
		SolutionGuid = {5ED09536-E1DA-40C6-8F4A-AD2FA2A4B678}
	EndGlobalSection
EndGlobal
