
Microsoft Visual Studio Solution File, Format Version 12.00
# Visual Studio Version 16
VisualStudioVersion = 16.0.31205.134
MinimumVisualStudioVersion = 10.0.40219.1
Project("{FAE04EC0-301F-11D3-BF4B-00C04F79EFBC}") = "Task 4", "Task 4\Task 4.csproj", "{79927667-422B-40C2-868F-D58A1478EEB1}"
EndProject
Global
	GlobalSection(SolutionConfigurationPlatforms) = preSolution
		Debug|Any CPU = Debug|Any CPU
		Release|Any CPU = Release|Any CPU
	EndGlobalSection
	GlobalSection(ProjectConfigurationPlatforms) = postSolution
		{79927667-422B-40C2-868F-D58A1478EEB1}.Debug|Any CPU.ActiveCfg = Debug|Any CPU
		{79927667-422B-40C2-868F-D58A1478EEB1}.Debug|Any CPU.Build.0 = Debug|Any CPU
		{79927667-422B-40C2-868F-D58A1478EEB1}.Release|Any CPU.ActiveCfg = Release|Any CPU
		{79927667-422B-40C2-868F-D58A1478EEB1}.Release|Any CPU.Build.0 = Release|Any CPU
	EndGlobalSection
	GlobalSection(SolutionProperties) = preSolution
		HideSolutionNode = FALSE
	EndGlobalSection
	GlobalSection(ExtensibilityGlobals) = postSolution
		SolutionGuid = {580B1A4E-6353-49F3-9476-C08DA47816EA}
	EndGlobalSection
EndGlobal
