
Microsoft Visual Studio Solution File, Format Version 12.00
# Visual Studio Version 16
VisualStudioVersion = 16.0.31112.23
MinimumVisualStudioVersion = 10.0.40219.1
Project("{2150E333-8FDC-42A3-9474-1A3956D46DE8}") = "PL", "PL", "{B98931BB-79E3-44E5-ADC6-692FF358FB97}"
EndProject
Project("{2150E333-8FDC-42A3-9474-1A3956D46DE8}") = "BLL", "BLL", "{E35366C2-A9ED-47C7-8637-F7A05C85C926}"
EndProject
Project("{2150E333-8FDC-42A3-9474-1A3956D46DE8}") = "DAL", "DAL", "{77EE7787-198C-4944-9460-22AC7407F819}"
EndProject
Project("{2150E333-8FDC-42A3-9474-1A3956D46DE8}") = "Common", "Common", "{9D7CBBA0-E691-4DBC-9E4D-9E4013E9BDAF}"
EndProject
Project("{FAE04EC0-301F-11D3-BF4B-00C04F79EFBC}") = "EPAM.UsersAndAwards.PL.ConsolePL", "EPAM.UsersAndAwards.ConsolePL\EPAM.UsersAndAwards.PL.ConsolePL.csproj", "{65B0E422-397F-4405-A2F2-8AD200510444}"
EndProject
Project("{FAE04EC0-301F-11D3-BF4B-00C04F79EFBC}") = "EPAM.UsersAndAwards.DAL.JsonDao", "EPAM.UsersAndAwards.JsonDao\EPAM.UsersAndAwards.DAL.JsonDao.csproj", "{CBA3D808-923A-4473-9D84-450E92EB34FD}"
EndProject
Project("{FAE04EC0-301F-11D3-BF4B-00C04F79EFBC}") = "EPAM.UsersAndAwards.BLL.Logic", "EPAM.UsersAndAwards.BLL.Logic\EPAM.UsersAndAwards.BLL.Logic.csproj", "{78F6C36A-8749-4412-8DC8-34C3C39D9C60}"
EndProject
Project("{FAE04EC0-301F-11D3-BF4B-00C04F79EFBC}") = "EPAM.UsersAndAwards.DAL.Interfaces", "EPAM.UsersAndAwards.DAL.Interfaces\EPAM.UsersAndAwards.DAL.Interfaces.csproj", "{F1A90928-4E47-4CD4-8F3C-50AEA7509A4A}"
EndProject
Project("{FAE04EC0-301F-11D3-BF4B-00C04F79EFBC}") = "EPAM.UsersAndAwards.Common.Entities", "EPAM.UsersAndAwards.Common.Entities\EPAM.UsersAndAwards.Common.Entities.csproj", "{A4FCD9A0-2B9D-475D-BA89-E92A68032665}"
EndProject
Project("{FAE04EC0-301F-11D3-BF4B-00C04F79EFBC}") = "EPAM.UsersAndAwards.Common.Dependencies", "EPAM.UsersAndAwards.Common.Dependencies\EPAM.UsersAndAwards.Common.Dependencies.csproj", "{20AA30B2-9B09-4797-A78D-4B5EAC6CD3A7}"
EndProject
Project("{FAE04EC0-301F-11D3-BF4B-00C04F79EFBC}") = "EPAM.UsersAndAwards.BLL.Interfaces", "EPAM.UsersAndAwards.BLL.Interfaces\EPAM.UsersAndAwards.BLL.Interfaces.csproj", "{129D1C1E-C0DD-4D6A-A7F7-DAF29BDF4320}"
EndProject
Global
	GlobalSection(SolutionConfigurationPlatforms) = preSolution
		Debug|Any CPU = Debug|Any CPU
		Release|Any CPU = Release|Any CPU
	EndGlobalSection
	GlobalSection(ProjectConfigurationPlatforms) = postSolution
		{65B0E422-397F-4405-A2F2-8AD200510444}.Debug|Any CPU.ActiveCfg = Debug|Any CPU
		{65B0E422-397F-4405-A2F2-8AD200510444}.Debug|Any CPU.Build.0 = Debug|Any CPU
		{65B0E422-397F-4405-A2F2-8AD200510444}.Release|Any CPU.ActiveCfg = Release|Any CPU
		{65B0E422-397F-4405-A2F2-8AD200510444}.Release|Any CPU.Build.0 = Release|Any CPU
		{CBA3D808-923A-4473-9D84-450E92EB34FD}.Debug|Any CPU.ActiveCfg = Debug|Any CPU
		{CBA3D808-923A-4473-9D84-450E92EB34FD}.Debug|Any CPU.Build.0 = Debug|Any CPU
		{CBA3D808-923A-4473-9D84-450E92EB34FD}.Release|Any CPU.ActiveCfg = Release|Any CPU
		{CBA3D808-923A-4473-9D84-450E92EB34FD}.Release|Any CPU.Build.0 = Release|Any CPU
		{78F6C36A-8749-4412-8DC8-34C3C39D9C60}.Debug|Any CPU.ActiveCfg = Debug|Any CPU
		{78F6C36A-8749-4412-8DC8-34C3C39D9C60}.Debug|Any CPU.Build.0 = Debug|Any CPU
		{78F6C36A-8749-4412-8DC8-34C3C39D9C60}.Release|Any CPU.ActiveCfg = Release|Any CPU
		{78F6C36A-8749-4412-8DC8-34C3C39D9C60}.Release|Any CPU.Build.0 = Release|Any CPU
		{F1A90928-4E47-4CD4-8F3C-50AEA7509A4A}.Debug|Any CPU.ActiveCfg = Debug|Any CPU
		{F1A90928-4E47-4CD4-8F3C-50AEA7509A4A}.Debug|Any CPU.Build.0 = Debug|Any CPU
		{F1A90928-4E47-4CD4-8F3C-50AEA7509A4A}.Release|Any CPU.ActiveCfg = Release|Any CPU
		{F1A90928-4E47-4CD4-8F3C-50AEA7509A4A}.Release|Any CPU.Build.0 = Release|Any CPU
		{A4FCD9A0-2B9D-475D-BA89-E92A68032665}.Debug|Any CPU.ActiveCfg = Debug|Any CPU
		{A4FCD9A0-2B9D-475D-BA89-E92A68032665}.Debug|Any CPU.Build.0 = Debug|Any CPU
		{A4FCD9A0-2B9D-475D-BA89-E92A68032665}.Release|Any CPU.ActiveCfg = Release|Any CPU
		{A4FCD9A0-2B9D-475D-BA89-E92A68032665}.Release|Any CPU.Build.0 = Release|Any CPU
		{20AA30B2-9B09-4797-A78D-4B5EAC6CD3A7}.Debug|Any CPU.ActiveCfg = Debug|Any CPU
		{20AA30B2-9B09-4797-A78D-4B5EAC6CD3A7}.Debug|Any CPU.Build.0 = Debug|Any CPU
		{20AA30B2-9B09-4797-A78D-4B5EAC6CD3A7}.Release|Any CPU.ActiveCfg = Release|Any CPU
		{20AA30B2-9B09-4797-A78D-4B5EAC6CD3A7}.Release|Any CPU.Build.0 = Release|Any CPU
		{129D1C1E-C0DD-4D6A-A7F7-DAF29BDF4320}.Debug|Any CPU.ActiveCfg = Debug|Any CPU
		{129D1C1E-C0DD-4D6A-A7F7-DAF29BDF4320}.Debug|Any CPU.Build.0 = Debug|Any CPU
		{129D1C1E-C0DD-4D6A-A7F7-DAF29BDF4320}.Release|Any CPU.ActiveCfg = Release|Any CPU
		{129D1C1E-C0DD-4D6A-A7F7-DAF29BDF4320}.Release|Any CPU.Build.0 = Release|Any CPU
	EndGlobalSection
	GlobalSection(SolutionProperties) = preSolution
		HideSolutionNode = FALSE
	EndGlobalSection
	GlobalSection(NestedProjects) = preSolution
		{65B0E422-397F-4405-A2F2-8AD200510444} = {B98931BB-79E3-44E5-ADC6-692FF358FB97}
		{CBA3D808-923A-4473-9D84-450E92EB34FD} = {77EE7787-198C-4944-9460-22AC7407F819}
		{78F6C36A-8749-4412-8DC8-34C3C39D9C60} = {E35366C2-A9ED-47C7-8637-F7A05C85C926}
		{F1A90928-4E47-4CD4-8F3C-50AEA7509A4A} = {77EE7787-198C-4944-9460-22AC7407F819}
		{A4FCD9A0-2B9D-475D-BA89-E92A68032665} = {9D7CBBA0-E691-4DBC-9E4D-9E4013E9BDAF}
		{20AA30B2-9B09-4797-A78D-4B5EAC6CD3A7} = {9D7CBBA0-E691-4DBC-9E4D-9E4013E9BDAF}
		{129D1C1E-C0DD-4D6A-A7F7-DAF29BDF4320} = {E35366C2-A9ED-47C7-8637-F7A05C85C926}
	EndGlobalSection
	GlobalSection(ExtensibilityGlobals) = postSolution
		SolutionGuid = {1E9CFC21-6C13-4FCD-9296-A88702BC8ECB}
	EndGlobalSection
EndGlobal
