
Microsoft Visual Studio Solution File, Format Version 12.00
# Visual Studio Version 16
VisualStudioVersion = 16.0.31112.23
MinimumVisualStudioVersion = 10.0.40219.1
Project("{FAE04EC0-301F-11D3-BF4B-00C04F79EFBC}") = "EPAM.AwardsAndUsers.PL.ConsolePL", "UsersAndAwards(Framework)\EPAM.AwardsAndUsers.PL.ConsolePL.csproj", "{498777E2-456E-4D7C-B05E-7A703C350E28}"
EndProject
Project("{2150E333-8FDC-42A3-9474-1A3956D46DE8}") = "PL", "PL", "{636628FB-ADD1-47F8-B389-B8B83D662FBF}"
EndProject
Project("{2150E333-8FDC-42A3-9474-1A3956D46DE8}") = "BLL", "BLL", "{B6430159-8E46-4873-BC62-BA8066E0840D}"
EndProject
Project("{2150E333-8FDC-42A3-9474-1A3956D46DE8}") = "DAL", "DAL", "{D4499D90-0908-48B7-8E05-D445B4185DCA}"
EndProject
Project("{2150E333-8FDC-42A3-9474-1A3956D46DE8}") = "Common", "Common", "{098D96B8-8F0C-420E-869D-8E7DB81D6F65}"
EndProject
Project("{FAE04EC0-301F-11D3-BF4B-00C04F79EFBC}") = "EPAM.AwardsAndUsers.PL.WebPL", "EPAM.AwardsAndUsers.PL.WebPL\EPAM.AwardsAndUsers.PL.WebPL.csproj", "{28280F5F-8D1A-410D-B440-22B42FE72A72}"
EndProject
Project("{FAE04EC0-301F-11D3-BF4B-00C04F79EFBC}") = "EPAM.AwardsAndUsers.DAL.JSONDAL", "EPAM.AwardsAndUsers.DAL.JSONDAL\EPAM.AwardsAndUsers.DAL.JSONDAL.csproj", "{880ABAFE-BED1-4DCF-B524-3D416B94651D}"
EndProject
Project("{FAE04EC0-301F-11D3-BF4B-00C04F79EFBC}") = "EPAM.AwardsAndUsers.DAL.Interfaces", "EPAM.AwardsAndUsers.DAL.Interfaces\EPAM.AwardsAndUsers.DAL.Interfaces.csproj", "{A5441DD9-8783-4128-8C8E-878230429F49}"
EndProject
Project("{FAE04EC0-301F-11D3-BF4B-00C04F79EFBC}") = "EPAM.AwardsAndUsers.BLL.Interfaces", "EPAM.AwardsAndUsers.BLL.Interfaces\EPAM.AwardsAndUsers.BLL.Interfaces.csproj", "{D450033F-2957-4B48-A190-DB5FE0C5C6E7}"
EndProject
Project("{FAE04EC0-301F-11D3-BF4B-00C04F79EFBC}") = "EPAM.AwardsAndUsers.BLL.JSONBLL", "EPAM.AwardsAndUsers.BLL.JSONBLL\EPAM.AwardsAndUsers.BLL.JSONBLL.csproj", "{07908A38-D9DB-4B46-91ED-F86C0F2AED93}"
EndProject
Project("{FAE04EC0-301F-11D3-BF4B-00C04F79EFBC}") = "EPAM.AwardsAndUsers.Common.Dependencies", "EPAM.AwardsAndUsers.Common.Dependencies\EPAM.AwardsAndUsers.Common.Dependencies.csproj", "{F5F50992-7148-4845-8735-A04AC80EC1FB}"
EndProject
Project("{FAE04EC0-301F-11D3-BF4B-00C04F79EFBC}") = "EPAM.AwardsAndUsers.Common.Entities", "EPAM.AwardsAndUsers.Common.Entities\EPAM.AwardsAndUsers.Common.Entities.csproj", "{0CC4A221-3C45-4CA4-878F-CE93B5352962}"
EndProject
Project("{FAE04EC0-301F-11D3-BF4B-00C04F79EFBC}") = "EPAM.AwardsAndUsers.DAL.SQLDAL", "EPAM.AwardsAndUsers.DAL.SQLDAL\EPAM.AwardsAndUsers.DAL.SQLDAL.csproj", "{47479F99-36AC-4BA3-B690-37DB2B94032E}"
EndProject
Global
	GlobalSection(SolutionConfigurationPlatforms) = preSolution
		Debug|Any CPU = Debug|Any CPU
		Release|Any CPU = Release|Any CPU
	EndGlobalSection
	GlobalSection(ProjectConfigurationPlatforms) = postSolution
		{498777E2-456E-4D7C-B05E-7A703C350E28}.Debug|Any CPU.ActiveCfg = Debug|Any CPU
		{498777E2-456E-4D7C-B05E-7A703C350E28}.Debug|Any CPU.Build.0 = Debug|Any CPU
		{498777E2-456E-4D7C-B05E-7A703C350E28}.Release|Any CPU.ActiveCfg = Release|Any CPU
		{498777E2-456E-4D7C-B05E-7A703C350E28}.Release|Any CPU.Build.0 = Release|Any CPU
		{28280F5F-8D1A-410D-B440-22B42FE72A72}.Debug|Any CPU.ActiveCfg = Debug|Any CPU
		{28280F5F-8D1A-410D-B440-22B42FE72A72}.Debug|Any CPU.Build.0 = Debug|Any CPU
		{28280F5F-8D1A-410D-B440-22B42FE72A72}.Release|Any CPU.ActiveCfg = Release|Any CPU
		{28280F5F-8D1A-410D-B440-22B42FE72A72}.Release|Any CPU.Build.0 = Release|Any CPU
		{880ABAFE-BED1-4DCF-B524-3D416B94651D}.Debug|Any CPU.ActiveCfg = Debug|Any CPU
		{880ABAFE-BED1-4DCF-B524-3D416B94651D}.Debug|Any CPU.Build.0 = Debug|Any CPU
		{880ABAFE-BED1-4DCF-B524-3D416B94651D}.Release|Any CPU.ActiveCfg = Release|Any CPU
		{880ABAFE-BED1-4DCF-B524-3D416B94651D}.Release|Any CPU.Build.0 = Release|Any CPU
		{A5441DD9-8783-4128-8C8E-878230429F49}.Debug|Any CPU.ActiveCfg = Debug|Any CPU
		{A5441DD9-8783-4128-8C8E-878230429F49}.Debug|Any CPU.Build.0 = Debug|Any CPU
		{A5441DD9-8783-4128-8C8E-878230429F49}.Release|Any CPU.ActiveCfg = Release|Any CPU
		{A5441DD9-8783-4128-8C8E-878230429F49}.Release|Any CPU.Build.0 = Release|Any CPU
		{D450033F-2957-4B48-A190-DB5FE0C5C6E7}.Debug|Any CPU.ActiveCfg = Debug|Any CPU
		{D450033F-2957-4B48-A190-DB5FE0C5C6E7}.Debug|Any CPU.Build.0 = Debug|Any CPU
		{D450033F-2957-4B48-A190-DB5FE0C5C6E7}.Release|Any CPU.ActiveCfg = Release|Any CPU
		{D450033F-2957-4B48-A190-DB5FE0C5C6E7}.Release|Any CPU.Build.0 = Release|Any CPU
		{07908A38-D9DB-4B46-91ED-F86C0F2AED93}.Debug|Any CPU.ActiveCfg = Debug|Any CPU
		{07908A38-D9DB-4B46-91ED-F86C0F2AED93}.Debug|Any CPU.Build.0 = Debug|Any CPU
		{07908A38-D9DB-4B46-91ED-F86C0F2AED93}.Release|Any CPU.ActiveCfg = Release|Any CPU
		{07908A38-D9DB-4B46-91ED-F86C0F2AED93}.Release|Any CPU.Build.0 = Release|Any CPU
		{F5F50992-7148-4845-8735-A04AC80EC1FB}.Debug|Any CPU.ActiveCfg = Debug|Any CPU
		{F5F50992-7148-4845-8735-A04AC80EC1FB}.Debug|Any CPU.Build.0 = Debug|Any CPU
		{F5F50992-7148-4845-8735-A04AC80EC1FB}.Release|Any CPU.ActiveCfg = Release|Any CPU
		{F5F50992-7148-4845-8735-A04AC80EC1FB}.Release|Any CPU.Build.0 = Release|Any CPU
		{0CC4A221-3C45-4CA4-878F-CE93B5352962}.Debug|Any CPU.ActiveCfg = Debug|Any CPU
		{0CC4A221-3C45-4CA4-878F-CE93B5352962}.Debug|Any CPU.Build.0 = Debug|Any CPU
		{0CC4A221-3C45-4CA4-878F-CE93B5352962}.Release|Any CPU.ActiveCfg = Release|Any CPU
		{0CC4A221-3C45-4CA4-878F-CE93B5352962}.Release|Any CPU.Build.0 = Release|Any CPU
		{47479F99-36AC-4BA3-B690-37DB2B94032E}.Debug|Any CPU.ActiveCfg = Debug|Any CPU
		{47479F99-36AC-4BA3-B690-37DB2B94032E}.Debug|Any CPU.Build.0 = Debug|Any CPU
		{47479F99-36AC-4BA3-B690-37DB2B94032E}.Release|Any CPU.ActiveCfg = Release|Any CPU
		{47479F99-36AC-4BA3-B690-37DB2B94032E}.Release|Any CPU.Build.0 = Release|Any CPU
	EndGlobalSection
	GlobalSection(SolutionProperties) = preSolution
		HideSolutionNode = FALSE
	EndGlobalSection
	GlobalSection(NestedProjects) = preSolution
		{498777E2-456E-4D7C-B05E-7A703C350E28} = {636628FB-ADD1-47F8-B389-B8B83D662FBF}
		{28280F5F-8D1A-410D-B440-22B42FE72A72} = {636628FB-ADD1-47F8-B389-B8B83D662FBF}
		{880ABAFE-BED1-4DCF-B524-3D416B94651D} = {D4499D90-0908-48B7-8E05-D445B4185DCA}
		{A5441DD9-8783-4128-8C8E-878230429F49} = {D4499D90-0908-48B7-8E05-D445B4185DCA}
		{D450033F-2957-4B48-A190-DB5FE0C5C6E7} = {B6430159-8E46-4873-BC62-BA8066E0840D}
		{07908A38-D9DB-4B46-91ED-F86C0F2AED93} = {B6430159-8E46-4873-BC62-BA8066E0840D}
		{F5F50992-7148-4845-8735-A04AC80EC1FB} = {098D96B8-8F0C-420E-869D-8E7DB81D6F65}
		{0CC4A221-3C45-4CA4-878F-CE93B5352962} = {098D96B8-8F0C-420E-869D-8E7DB81D6F65}
		{47479F99-36AC-4BA3-B690-37DB2B94032E} = {D4499D90-0908-48B7-8E05-D445B4185DCA}
	EndGlobalSection
	GlobalSection(ExtensibilityGlobals) = postSolution
		SolutionGuid = {3F10C09B-19C5-4F5C-AED2-AF39D0D27F36}
	EndGlobalSection
EndGlobal
